<?xml version="1.0" encoding="UTF-8"?>
<Scheme
   version = "1.3">
   <BuildAction>
      <BuildActionEntries>
         <BuildActionEntry
            buildForRunning = "YES">
            <BuildableReference
               BuildableIdentifier = "primary"
               BlueprintIdentifier = "5A72E22A6C2ECFE144FA5189"
               BuildableName = "First_Tax_App.app"
               BlueprintName = "First_Tax_App"
               ReferencedContainer = "container:First_Tax_App.xcodeproj">
            </BuildableReference>
         </BuildActionEntry>
      </BuildActionEntries>
   </BuildAction>
   <LaunchAction
      useCustomWorkingDirectory = "NO"
      buildConfiguration = "Debug"
      allowLocationSimulation = "YES">
      <BuildableProductRunnable>
         <BuildableReference
            BuildableIdentifier = "primary"
            BlueprintIdentifier = "5A72E22A6C2ECFE144FA5189"
            BuildableName = "First_Tax_App.app"
            BlueprintName = "First_Tax_App"
            ReferencedContainer = "container:First_Tax_App.xcodeproj">
         </BuildableReference>
      </BuildableProductRunnable>
   </LaunchAction>
</Scheme>
